
Microsoft Visual Studio Solution File, Format Version 12.00
# Visual Studio Version 17
VisualStudioVersion = 17.10.34928.147
MinimumVisualStudioVersion = 10.0.40219.1
Project("{FAE04EC0-301F-11D3-BF4B-00C04F79EFBC}") = "ListaDeTarefas", "ListaDeTarefas\ListaDeTarefas.csproj", "{F82EF3EA-90AA-4522-A8AE-72F7432D509B}"
EndProject
Global
	GlobalSection(SolutionConfigurationPlatforms) = preSolution
		Debug|Any CPU = Debug|Any CPU
		Release|Any CPU = Release|Any CPU
	EndGlobalSection
	GlobalSection(ProjectConfigurationPlatforms) = postSolution
		{F82EF3EA-90AA-4522-A8AE-72F7432D509B}.Debug|Any CPU.ActiveCfg = Debug|Any CPU
		{F82EF3EA-90AA-4522-A8AE-72F7432D509B}.Debug|Any CPU.Build.0 = Debug|Any CPU
		{F82EF3EA-90AA-4522-A8AE-72F7432D509B}.Release|Any CPU.ActiveCfg = Release|Any CPU
		{F82EF3EA-90AA-4522-A8AE-72F7432D509B}.Release|Any CPU.Build.0 = Release|Any CPU
	EndGlobalSection
	GlobalSection(SolutionProperties) = preSolution
		HideSolutionNode = FALSE
	EndGlobalSection
	GlobalSection(ExtensibilityGlobals) = postSolution
		SolutionGuid = {86CFE5C9-21EE-4FC9-95B3-9D0D9952AF16}
	EndGlobalSection
EndGlobal
